
Microsoft Visual Studio Solution File, Format Version 12.00
# Visual Studio Version 17
VisualStudioVersion = 17.3.32929.385
MinimumVisualStudioVersion = 10.0.40219.1
Project("{FAE04EC0-301F-11D3-BF4B-00C04F79EFBC}") = "WinPharmaAPI", "WinPharmaAPI\WinPharmaAPI.csproj", "{B33DFD72-DFF9-4BAD-9C20-D4E2113894CC}"
EndProject
Global
	GlobalSection(SolutionConfigurationPlatforms) = preSolution
		Debug|Any CPU = Debug|Any CPU
		Release|Any CPU = Release|Any CPU
	EndGlobalSection
	GlobalSection(ProjectConfigurationPlatforms) = postSolution
		{B33DFD72-DFF9-4BAD-9C20-D4E2113894CC}.Debug|Any CPU.ActiveCfg = Debug|Any CPU
		{B33DFD72-DFF9-4BAD-9C20-D4E2113894CC}.Debug|Any CPU.Build.0 = Debug|Any CPU
		{B33DFD72-DFF9-4BAD-9C20-D4E2113894CC}.Release|Any CPU.ActiveCfg = Release|Any CPU
		{B33DFD72-DFF9-4BAD-9C20-D4E2113894CC}.Release|Any CPU.Build.0 = Release|Any CPU
	EndGlobalSection
	GlobalSection(SolutionProperties) = preSolution
		HideSolutionNode = FALSE
	EndGlobalSection
	GlobalSection(ExtensibilityGlobals) = postSolution
		SolutionGuid = {250E5E18-ED7A-4F1C-9FE2-D2A32F163E83}
	EndGlobalSection
EndGlobal
